
Microsoft Visual Studio Solution File, Format Version 12.00
# Visual Studio Version 17
VisualStudioVersion = 17.0.31903.59
MinimumVisualStudioVersion = 10.0.40219.1
Project("{FAE04EC0-301F-11D3-BF4B-00C04F79EFBC}") = "GloboCLimaAPI", "GloboCLimaAPI\GloboCLimaAPI.csproj", "{07AF271C-93BA-4293-BE15-213D708F0FBB}"
EndProject
Project("{FAE04EC0-301F-11D3-BF4B-00C04F79EFBC}") = "GloboClimaSPA", "GloboClimaSPA\GloboClimaSPA.csproj", "{7C2CB859-E5FC-4372-B5B8-A05D49D33038}"
EndProject
Global
	GlobalSection(SolutionConfigurationPlatforms) = preSolution
		Debug|Any CPU = Debug|Any CPU
		Release|Any CPU = Release|Any CPU
	EndGlobalSection
	GlobalSection(SolutionProperties) = preSolution
		HideSolutionNode = FALSE
	EndGlobalSection
	GlobalSection(ProjectConfigurationPlatforms) = postSolution
		{07AF271C-93BA-4293-BE15-213D708F0FBB}.Debug|Any CPU.ActiveCfg = Debug|Any CPU
		{07AF271C-93BA-4293-BE15-213D708F0FBB}.Debug|Any CPU.Build.0 = Debug|Any CPU
		{07AF271C-93BA-4293-BE15-213D708F0FBB}.Release|Any CPU.ActiveCfg = Release|Any CPU
		{07AF271C-93BA-4293-BE15-213D708F0FBB}.Release|Any CPU.Build.0 = Release|Any CPU
		{7C2CB859-E5FC-4372-B5B8-A05D49D33038}.Debug|Any CPU.ActiveCfg = Debug|Any CPU
		{7C2CB859-E5FC-4372-B5B8-A05D49D33038}.Debug|Any CPU.Build.0 = Debug|Any CPU
		{7C2CB859-E5FC-4372-B5B8-A05D49D33038}.Release|Any CPU.ActiveCfg = Release|Any CPU
		{7C2CB859-E5FC-4372-B5B8-A05D49D33038}.Release|Any CPU.Build.0 = Release|Any CPU
	EndGlobalSection
EndGlobal
